
Microsoft Visual Studio Solution File, Format Version 12.00
# Visual Studio Version 17
VisualStudioVersion = 17.7.34031.279
MinimumVisualStudioVersion = 10.0.40219.1
Project("{FAE04EC0-301F-11D3-BF4B-00C04F79EFBC}") = "BlazorRest", "BlazorRest\BlazorRest.csproj", "{13DDEB93-C182-4514-A4D3-FF3AA6926E95}"
EndProject
Global
	GlobalSection(SolutionConfigurationPlatforms) = preSolution
		Debug|Any CPU = Debug|Any CPU
		Release|Any CPU = Release|Any CPU
	EndGlobalSection
	GlobalSection(ProjectConfigurationPlatforms) = postSolution
		{13DDEB93-C182-4514-A4D3-FF3AA6926E95}.Debug|Any CPU.ActiveCfg = Debug|Any CPU
		{13DDEB93-C182-4514-A4D3-FF3AA6926E95}.Debug|Any CPU.Build.0 = Debug|Any CPU
		{13DDEB93-C182-4514-A4D3-FF3AA6926E95}.Release|Any CPU.ActiveCfg = Release|Any CPU
		{13DDEB93-C182-4514-A4D3-FF3AA6926E95}.Release|Any CPU.Build.0 = Release|Any CPU
	EndGlobalSection
	GlobalSection(SolutionProperties) = preSolution
		HideSolutionNode = FALSE
	EndGlobalSection
	GlobalSection(ExtensibilityGlobals) = postSolution
		SolutionGuid = {59286A6D-46C4-43BF-914C-7EF75A392957}
	EndGlobalSection
EndGlobal
